{
  "name": "logr.js",
  "version": "1.0.0",
  "lockfileVersion": 1,
  "requires": true,
  "dependencies": {
    "@dicedtomato/colors": {
      "version": "1.0.3",
      "resolved": "https://registry.npmjs.org/@dicedtomato/colors/-/colors-1.0.3.tgz",
      "integrity": "sha512-ISToOeRW0KxRMWm96hz6pYTgzbGjYqrAcMkfgSHBg2luNwDk+5NORc+rVRBtoleT0JhFyp0MJ9q8A0oRAm+RPw=="
    },
    "@types/node": {
      "version": "14.6.0",
      "resolved": "https://registry.npmjs.org/@types/node/-/node-14.6.0.tgz",
      "integrity": "sha512-mikldZQitV94akrc4sCcSjtJfsTKt4p+e/s0AGscVA6XArQ9kFclP+ZiYUMnq987rc6QlYxXv/EivqlfSLxpKA=="
    }
  }
}
